
Microsoft Visual Studio Solution File, Format Version 12.00
# Visual Studio Version 17
VisualStudioVersion = 17.4.33122.133
MinimumVisualStudioVersion = 10.0.40219.1
Project("{FAE04EC0-301F-11D3-BF4B-00C04F79EFBC}") = "Laminatoria", "Laminatoria.csproj", "{BD30EEDA-A32A-4E49-90FB-19717610E535}"
EndProject
Global
	GlobalSection(SolutionConfigurationPlatforms) = preSolution
		Debug|Any CPU = Debug|Any CPU
		Release|Any CPU = Release|Any CPU
	EndGlobalSection
	GlobalSection(ProjectConfigurationPlatforms) = postSolution
		{BD30EEDA-A32A-4E49-90FB-19717610E535}.Debug|Any CPU.ActiveCfg = Debug|Any CPU
		{BD30EEDA-A32A-4E49-90FB-19717610E535}.Debug|Any CPU.Build.0 = Debug|Any CPU
		{BD30EEDA-A32A-4E49-90FB-19717610E535}.Release|Any CPU.ActiveCfg = Release|Any CPU
		{BD30EEDA-A32A-4E49-90FB-19717610E535}.Release|Any CPU.Build.0 = Release|Any CPU
	EndGlobalSection
	GlobalSection(SolutionProperties) = preSolution
		HideSolutionNode = FALSE
	EndGlobalSection
	GlobalSection(ExtensibilityGlobals) = postSolution
		SolutionGuid = {BE877B45-E570-4305-86CA-785186B0B1B7}
	EndGlobalSection
EndGlobal
